{
  "name": "13",
  "version": "1.0.0",
  "lockfileVersion": 2,
  "requires": true,
  "packages": {
    "": {
      "name": "13",
      "version": "1.0.0",
      "dependencies": {
        "jsonrpc-server-http-nats": "^0.1.14"
      }
    },
    "node_modules/jsonrpc-server-http-nats": {
      "version": "0.1.14",
      "resolved": "https://registry.npmjs.org/jsonrpc-server-http-nats/-/jsonrpc-server-http-nats-0.1.14.tgz",
      "integrity": "sha512-6ymU1AxYfSHigcOBtv2VtWHbjB5+0cYJyfeLGRc5lFBZg6TrHdw66O/ZRQV+UFH6lE1jrTl4pUQuTtaP7S4v/A==",
      "dependencies": {
        "nats": "^0.8.10"
      }
    },
    "node_modules/nats": {
      "version": "0.8.10",
      "resolved": "https://registry.npmjs.org/nats/-/nats-0.8.10.tgz",
      "integrity": "sha512-0aCDCjDbSzmesiHfMG5WEMDurip1mMOdJ2zDTztuKp0RizDcu4u82azvr7NPJvqx9NmBxF1wAlacuHZlMcCRHQ==",
      "dependencies": {
        "nuid": "^0.6.14"
      },
      "engines": {
        "node": ">= 0.10.x <10.0.0"
      }
    },
    "node_modules/nuid": {
      "version": "0.6.14",
      "resolved": "https://registry.npmjs.org/nuid/-/nuid-0.6.14.tgz",
      "integrity": "sha512-0yvZpcQ9wUAQhYbo7CRBCCz88H06D2H7zz41QZuVRbGwqQnSNF/Qs3II3m/jzvOYOzVPWgYDA2YDIML4EzNNVw==",
      "engines": {
        "node": ">= 0.10.x"
      }
    }
  },
  "dependencies": {
    "jsonrpc-server-http-nats": {
      "version": "0.1.14",
      "resolved": "https://registry.npmjs.org/jsonrpc-server-http-nats/-/jsonrpc-server-http-nats-0.1.14.tgz",
      "integrity": "sha512-6ymU1AxYfSHigcOBtv2VtWHbjB5+0cYJyfeLGRc5lFBZg6TrHdw66O/ZRQV+UFH6lE1jrTl4pUQuTtaP7S4v/A==",
      "requires": {
        "nats": "^0.8.10"
      }
    },
    "nats": {
      "version": "0.8.10",
      "resolved": "https://registry.npmjs.org/nats/-/nats-0.8.10.tgz",
      "integrity": "sha512-0aCDCjDbSzmesiHfMG5WEMDurip1mMOdJ2zDTztuKp0RizDcu4u82azvr7NPJvqx9NmBxF1wAlacuHZlMcCRHQ==",
      "requires": {
        "nuid": "^0.6.14"
      }
    },
    "nuid": {
      "version": "0.6.14",
      "resolved": "https://registry.npmjs.org/nuid/-/nuid-0.6.14.tgz",
      "integrity": "sha512-0yvZpcQ9wUAQhYbo7CRBCCz88H06D2H7zz41QZuVRbGwqQnSNF/Qs3II3m/jzvOYOzVPWgYDA2YDIML4EzNNVw=="
    }
  }
}
